
Microsoft Visual Studio Solution File, Format Version 12.00
# Visual Studio 14
VisualStudioVersion = 14.0.25420.1
MinimumVisualStudioVersion = 10.0.40219.1
Project("{8BB2217D-0F2D-49D1-97BC-3654ED321F3B}") = "IdentityServer", "IdentityServer\IdentityServer.xproj", "{CE8DA6C6-8D65-417A-96E6-F0EC0D0223D5}"
EndProject
Global
	GlobalSection(SolutionConfigurationPlatforms) = preSolution
		Debug|Any CPU = Debug|Any CPU
		Release|Any CPU = Release|Any CPU
	EndGlobalSection
	GlobalSection(ProjectConfigurationPlatforms) = postSolution
		{CE8DA6C6-8D65-417A-96E6-F0EC0D0223D5}.Debug|Any CPU.ActiveCfg = Debug|Any CPU
		{CE8DA6C6-8D65-417A-96E6-F0EC0D0223D5}.Debug|Any CPU.Build.0 = Debug|Any CPU
		{CE8DA6C6-8D65-417A-96E6-F0EC0D0223D5}.Release|Any CPU.ActiveCfg = Release|Any CPU
		{CE8DA6C6-8D65-417A-96E6-F0EC0D0223D5}.Release|Any CPU.Build.0 = Release|Any CPU
	EndGlobalSection
	GlobalSection(SolutionProperties) = preSolution
		HideSolutionNode = FALSE
	EndGlobalSection
EndGlobal
